
Microsoft Visual Studio Solution File, Format Version 12.00
# Visual Studio Version 16
VisualStudioVersion = 16.0.29209.62
MinimumVisualStudioVersion = 10.0.40219.1
Project("{9A19103F-16F7-4668-BE54-9A1E7A4F7556}") = "Application", "MTG4Us\Application.csproj", "{53F7C8D8-9839-4EA9-82BA-0F0F3AB53582}"
EndProject
Project("{9A19103F-16F7-4668-BE54-9A1E7A4F7556}") = "Domain", "Domain\Domain.csproj", "{B4AE8412-1D07-4533-8A4C-6244032243CA}"
EndProject
Project("{9A19103F-16F7-4668-BE54-9A1E7A4F7556}") = "Repository", "Repository\Repository.csproj", "{C3D6C724-FC66-4769-AD82-1528D38E4066}"
EndProject
Project("{9A19103F-16F7-4668-BE54-9A1E7A4F7556}") = "Business", "Business\Business.csproj", "{5D4FCF40-53D6-4C9A-B505-535407CD8A73}"
EndProject
Project("{FAE04EC0-301F-11D3-BF4B-00C04F79EFBC}") = "Services", "Services\Services.csproj", "{5948A517-C888-4C4B-A2F8-DE4E8DB11ABF}"
EndProject
Global
	GlobalSection(SolutionConfigurationPlatforms) = preSolution
		Debug|Any CPU = Debug|Any CPU
		Release|Any CPU = Release|Any CPU
	EndGlobalSection
	GlobalSection(ProjectConfigurationPlatforms) = postSolution
		{53F7C8D8-9839-4EA9-82BA-0F0F3AB53582}.Debug|Any CPU.ActiveCfg = Debug|Any CPU
		{53F7C8D8-9839-4EA9-82BA-0F0F3AB53582}.Debug|Any CPU.Build.0 = Debug|Any CPU
		{53F7C8D8-9839-4EA9-82BA-0F0F3AB53582}.Release|Any CPU.ActiveCfg = Release|Any CPU
		{53F7C8D8-9839-4EA9-82BA-0F0F3AB53582}.Release|Any CPU.Build.0 = Release|Any CPU
		{B4AE8412-1D07-4533-8A4C-6244032243CA}.Debug|Any CPU.ActiveCfg = Debug|Any CPU
		{B4AE8412-1D07-4533-8A4C-6244032243CA}.Debug|Any CPU.Build.0 = Debug|Any CPU
		{B4AE8412-1D07-4533-8A4C-6244032243CA}.Release|Any CPU.ActiveCfg = Release|Any CPU
		{B4AE8412-1D07-4533-8A4C-6244032243CA}.Release|Any CPU.Build.0 = Release|Any CPU
		{C3D6C724-FC66-4769-AD82-1528D38E4066}.Debug|Any CPU.ActiveCfg = Debug|Any CPU
		{C3D6C724-FC66-4769-AD82-1528D38E4066}.Debug|Any CPU.Build.0 = Debug|Any CPU
		{C3D6C724-FC66-4769-AD82-1528D38E4066}.Release|Any CPU.ActiveCfg = Release|Any CPU
		{C3D6C724-FC66-4769-AD82-1528D38E4066}.Release|Any CPU.Build.0 = Release|Any CPU
		{5D4FCF40-53D6-4C9A-B505-535407CD8A73}.Debug|Any CPU.ActiveCfg = Debug|Any CPU
		{5D4FCF40-53D6-4C9A-B505-535407CD8A73}.Debug|Any CPU.Build.0 = Debug|Any CPU
		{5D4FCF40-53D6-4C9A-B505-535407CD8A73}.Release|Any CPU.ActiveCfg = Release|Any CPU
		{5D4FCF40-53D6-4C9A-B505-535407CD8A73}.Release|Any CPU.Build.0 = Release|Any CPU
		{5948A517-C888-4C4B-A2F8-DE4E8DB11ABF}.Debug|Any CPU.ActiveCfg = Debug|Any CPU
		{5948A517-C888-4C4B-A2F8-DE4E8DB11ABF}.Debug|Any CPU.Build.0 = Debug|Any CPU
		{5948A517-C888-4C4B-A2F8-DE4E8DB11ABF}.Release|Any CPU.ActiveCfg = Release|Any CPU
		{5948A517-C888-4C4B-A2F8-DE4E8DB11ABF}.Release|Any CPU.Build.0 = Release|Any CPU
	EndGlobalSection
	GlobalSection(SolutionProperties) = preSolution
		HideSolutionNode = FALSE
	EndGlobalSection
	GlobalSection(ExtensibilityGlobals) = postSolution
		SolutionGuid = {7A37BE67-2A77-490C-9559-6F5D9FF7978B}
	EndGlobalSection
EndGlobal
