
Microsoft Visual Studio Solution File, Format Version 12.00
# Visual Studio Version 16
VisualStudioVersion = 16.0.29201.188
MinimumVisualStudioVersion = 10.0.40219.1
Project("{FAE04EC0-301F-11D3-BF4B-00C04F79EFBC}") = "MTG4Us", "MTG4Us\MTG4Us.csproj", "{9EC206A6-74AE-43AF-8B5B-ED139776EDAF}"
EndProject
Global
	GlobalSection(SolutionConfigurationPlatforms) = preSolution
		Debug|Any CPU = Debug|Any CPU
		Release|Any CPU = Release|Any CPU
	EndGlobalSection
	GlobalSection(ProjectConfigurationPlatforms) = postSolution
		{9EC206A6-74AE-43AF-8B5B-ED139776EDAF}.Debug|Any CPU.ActiveCfg = Debug|Any CPU
		{9EC206A6-74AE-43AF-8B5B-ED139776EDAF}.Debug|Any CPU.Build.0 = Debug|Any CPU
		{9EC206A6-74AE-43AF-8B5B-ED139776EDAF}.Release|Any CPU.ActiveCfg = Release|Any CPU
		{9EC206A6-74AE-43AF-8B5B-ED139776EDAF}.Release|Any CPU.Build.0 = Release|Any CPU
	EndGlobalSection
	GlobalSection(SolutionProperties) = preSolution
		HideSolutionNode = FALSE
	EndGlobalSection
	GlobalSection(ExtensibilityGlobals) = postSolution
		SolutionGuid = {61189AC6-CAFC-445D-AED3-359291B91C2C}
	EndGlobalSection
EndGlobal
